// !$*UTF8*$!
{
	archiveVersion = 1;
	classes = {
	};
	objectVersion = 56;
	objects = {

/* Begin PBXBuildFile section */
		47DBB83B298649C6002FC234 /* MSCS_722_SumanthGurralaApp.swift in Sources */ = {isa = PBXBuildFile; fileRef = 47DBB83A298649C6002FC234 /* MSCS_722_SumanthGurralaApp.swift */; };
		47DBB83D298649C6002FC234 /* ContentView.swift in Sources */ = {isa = PBXBuildFile; fileRef = 47DBB83C298649C6002FC234 /* ContentView.swift */; };
		47DBB83F298649C6002FC234 /* Assets.xcassets in Resources */ = {isa = PBXBuildFile; fileRef = 47DBB83E298649C6002FC234 /* Assets.xcassets */; };
		47DBB842298649C6002FC234 /* Preview Assets.xcassets in Resources */ = {isa = PBXBuildFile; fileRef = 47DBB841298649C6002FC234 /* Preview Assets.xcassets */; };
		47DBB84C298649C7002FC234 /* MSCS_722_SumanthGurralaTests.swift in Sources */ = {isa = PBXBuildFile; fileRef = 47DBB84B298649C7002FC234 /* MSCS_722_SumanthGurralaTests.swift */; };
		47DBB856298649C7002FC234 /* MSCS_722_SumanthGurralaUITests.swift in Sources */ = {isa = PBXBuildFile; fileRef = 47DBB855298649C7002FC234 /* MSCS_722_SumanthGurralaUITests.swift */; };
		47DBB858298649C7002FC234 /* MSCS_722_SumanthGurralaUITestsLaunchTests.swift in Sources */ = {isa = PBXBuildFile; fileRef = 47DBB857298649C7002FC234 /* MSCS_722_SumanthGurralaUITestsLaunchTests.swift */; };
/* End PBXBuildFile section */

/* Begin PBXContainerItemProxy section */
		47DBB848298649C7002FC234 /* PBXContainerItemProxy */ = {
			isa = PBXContainerItemProxy;
			containerPortal = 47DBB82F298649C6002FC234 /* Project object */;
			proxyType = 1;
			remoteGlobalIDString = 47DBB836298649C6002FC234;
			remoteInfo = "MSCS-722-SumanthGurrala";
		};
		47DBB852298649C7002FC234 /* PBXContainerItemProxy */ = {
			isa = PBXContainerItemProxy;
			containerPortal = 47DBB82F298649C6002FC234 /* Project object */;
			proxyType = 1;
			remoteGlobalIDString = 47DBB836298649C6002FC234;
			remoteInfo = "MSCS-722-SumanthGurrala";
		};
/* End PBXContainerItemProxy section */

/* Begin PBXFileReference section */
		47DBB837298649C6002FC234 /* MSCS-722-SumanthGurrala.app */ = {isa = PBXFileReference; explicitFileType = wrapper.application; includeInIndex = 0; path = "MSCS-722-SumanthGurrala.app"; sourceTree = BUILT_PRODUCTS_DIR; };
		47DBB83A298649C6002FC234 /* MSCS_722_SumanthGurralaApp.swift */ = {isa = PBXFileReference; lastKnownFileType = sourcecode.swift; path = MSCS_722_SumanthGurralaApp.swift; sourceTree = "<group>"; };
		47DBB83C298649C6002FC234 /* ContentView.swift */ = {isa = PBXFileReference; lastKnownFileType = sourcecode.swift; path = ContentView.swift; sourceTree = "<group>"; };
		47DBB83E298649C6002FC234 /* Assets.xcassets */ = {isa = PBXFileReference; lastKnownFileType = folder.assetcatalog; path = Assets.xcassets; sourceTree = "<group>"; };
		47DBB841298649C6002FC234 /* Preview Assets.xcassets */ = {isa = PBXFileReference; lastKnownFileType = folder.assetcatalog; path = "Preview Assets.xcassets"; sourceTree = "<group>"; };
		47DBB847298649C7002FC234 /* MSCS-722-SumanthGurralaTests.xctest */ = {isa = PBXFileReference; explicitFileType = wrapper.cfbundle; includeInIndex = 0; path = "MSCS-722-SumanthGurralaTests.xctest"; sourceTree = BUILT_PRODUCTS_DIR; };
		47DBB84B298649C7002FC234 /* MSCS_722_SumanthGurralaTests.swift */ = {isa = PBXFileReference; lastKnownFileType = sourcecode.swift; path = MSCS_722_SumanthGurralaTests.swift; sourceTree = "<group>"; };
		47DBB851298649C7002FC234 /* MSCS-722-SumanthGurralaUITests.xctest */ = {isa = PBXFileReference; explicitFileType = wrapper.cfbundle; includeInIndex = 0; path = "MSCS-722-SumanthGurralaUITests.xctest"; sourceTree = BUILT_PRODUCTS_DIR; };
		47DBB855298649C7002FC234 /* MSCS_722_SumanthGurralaUITests.swift */ = {isa = PBXFileReference; lastKnownFileType = sourcecode.swift; path = MSCS_722_SumanthGurralaUITests.swift; sourceTree = "<group>"; };
		47DBB857298649C7002FC234 /* MSCS_722_SumanthGurralaUITestsLaunchTests.swift */ = {isa = PBXFileReference; lastKnownFileType = sourcecode.swift; path = MSCS_722_SumanthGurralaUITestsLaunchTests.swift; sourceTree = "<group>"; };
/* End PBXFileReference section */

/* Begin PBXFrameworksBuildPhase section */
		47DBB834298649C6002FC234 /* Frameworks */ = {
			isa = PBXFrameworksBuildPhase;
			buildActionMask = 2147483647;
			files = (
			);
			runOnlyForDeploymentPostprocessing = 0;
		};
		47DBB844298649C7002FC234 /* Frameworks */ = {
			isa = PBXFrameworksBuildPhase;
			buildActionMask = 2147483647;
			files = (
			);
			runOnlyForDeploymentPostprocessing = 0;
		};
		47DBB84E298649C7002FC234 /* Frameworks */ = {
			isa = PBXFrameworksBuildPhase;
			buildActionMask = 2147483647;
			files = (
			);
			runOnlyForDeploymentPostprocessing = 0;
		};
/* End PBXFrameworksBuildPhase section */

/* Begin PBXGroup section */
		47DBB82E298649C6002FC234 = {
			isa = PBXGroup;
			children = (
				47DBB839298649C6002FC234 /* MSCS-722-SumanthGurrala */,
				47DBB84A298649C7002FC234 /* MSCS-722-SumanthGurralaTests */,
				47DBB854298649C7002FC234 /* MSCS-722-SumanthGurralaUITests */,
				47DBB838298649C6002FC234 /* Products */,
			);
			sourceTree = "<group>";
		};
		47DBB838298649C6002FC234 /* Products */ = {
			isa = PBXGroup;
			children = (
				47DBB837298649C6002FC234 /* MSCS-722-SumanthGurrala.app */,
				47DBB847298649C7002FC234 /* MSCS-722-SumanthGurralaTests.xctest */,
				47DBB851298649C7002FC234 /* MSCS-722-SumanthGurralaUITests.xctest */,
			);
			name = Products;
			sourceTree = "<group>";
		};
		47DBB839298649C6002FC234 /* MSCS-722-SumanthGurrala */ = {
			isa = PBXGroup;
			children = (
				47DBB83A298649C6002FC234 /* MSCS_722_SumanthGurralaApp.swift */,
				47DBB83C298649C6002FC234 /* ContentView.swift */,
				47DBB83E298649C6002FC234 /* Assets.xcassets */,
				47DBB840298649C6002FC234 /* Preview Content */,
			);
			path = "MSCS-722-SumanthGurrala";
			sourceTree = "<group>";
		};
		47DBB840298649C6002FC234 /* Preview Content */ = {
			isa = PBXGroup;
			children = (
				47DBB841298649C6002FC234 /* Preview Assets.xcassets */,
			);
			path = "Preview Content";
			sourceTree = "<group>";
		};
		47DBB84A298649C7002FC234 /* MSCS-722-SumanthGurralaTests */ = {
			isa = PBXGroup;
			children = (
				47DBB84B298649C7002FC234 /* MSCS_722_SumanthGurralaTests.swift */,
			);
			path = "MSCS-722-SumanthGurralaTests";
			sourceTree = "<group>";
		};
		47DBB854298649C7002FC234 /* MSCS-722-SumanthGurralaUITests */ = {
			isa = PBXGroup;
			children = (
				47DBB855298649C7002FC234 /* MSCS_722_SumanthGurralaUITests.swift */,
				47DBB857298649C7002FC234 /* MSCS_722_SumanthGurralaUITestsLaunchTests.swift */,
			);
			path = "MSCS-722-SumanthGurralaUITests";
			sourceTree = "<group>";
		};
/* End PBXGroup section */

/* Begin PBXNativeTarget section */
		47DBB836298649C6002FC234 /* MSCS-722-SumanthGurrala */ = {
			isa = PBXNativeTarget;
			buildConfigurationList = 47DBB85B298649C7002FC234 /* Build configuration list for PBXNativeTarget "MSCS-722-SumanthGurrala" */;
			buildPhases = (
				47DBB833298649C6002FC234 /* Sources */,
				47DBB834298649C6002FC234 /* Frameworks */,
				47DBB835298649C6002FC234 /* Resources */,
			);
			buildRules = (
			);
			dependencies = (
			);
			name = "MSCS-722-SumanthGurrala";
			productName = "MSCS-722-SumanthGurrala";
			productReference = 47DBB837298649C6002FC234 /* MSCS-722-SumanthGurrala.app */;
			productType = "com.apple.product-type.application";
		};
		47DBB846298649C7002FC234 /* MSCS-722-SumanthGurralaTests */ = {
			isa = PBXNativeTarget;
			buildConfigurationList = 47DBB85E298649C7002FC234 /* Build configuration list for PBXNativeTarget "MSCS-722-SumanthGurralaTests" */;
			buildPhases = (
				47DBB843298649C7002FC234 /* Sources */,
				47DBB844298649C7002FC234 /* Frameworks */,
				47DBB845298649C7002FC234 /* Resources */,
			);
			buildRules = (
			);
			dependencies = (
				47DBB849298649C7002FC234 /* PBXTargetDependency */,
			);
			name = "MSCS-722-SumanthGurralaTests";
			productName = "MSCS-722-SumanthGurralaTests";
			productReference = 47DBB847298649C7002FC234 /* MSCS-722-SumanthGurralaTests.xctest */;
			productType = "com.apple.product-type.bundle.unit-test";
		};
		47DBB850298649C7002FC234 /* MSCS-722-SumanthGurralaUITests */ = {
			isa = PBXNativeTarget;
			buildConfigurationList = 47DBB861298649C7002FC234 /* Build configuration list for PBXNativeTarget "MSCS-722-SumanthGurralaUITests" */;
			buildPhases = (
				47DBB84D298649C7002FC234 /* Sources */,
				47DBB84E298649C7002FC234 /* Frameworks */,
				47DBB84F298649C7002FC234 /* Resources */,
			);
			buildRules = (
			);
			dependencies = (
				47DBB853298649C7002FC234 /* PBXTargetDependency */,
			);
			name = "MSCS-722-SumanthGurralaUITests";
			productName = "MSCS-722-SumanthGurralaUITests";
			productReference = 47DBB851298649C7002FC234 /* MSCS-722-SumanthGurralaUITests.xctest */;
			productType = "com.apple.product-type.bundle.ui-testing";
		};
/* End PBXNativeTarget section */

/* Begin PBXProject section */
		47DBB82F298649C6002FC234 /* Project object */ = {
			isa = PBXProject;
			attributes = {
				BuildIndependentTargetsInParallel = 1;
				LastSwiftUpdateCheck = 1420;
				LastUpgradeCheck = 1420;
				TargetAttributes = {
					47DBB836298649C6002FC234 = {
						CreatedOnToolsVersion = 14.2;
					};
					47DBB846298649C7002FC234 = {
						CreatedOnToolsVersion = 14.2;
						TestTargetID = 47DBB836298649C6002FC234;
					};
					47DBB850298649C7002FC234 = {
						CreatedOnToolsVersion = 14.2;
						TestTargetID = 47DBB836298649C6002FC234;
					};
				};
			};
			buildConfigurationList = 47DBB832298649C6002FC234 /* Build configuration list for PBXProject "MSCS-722-SumanthGurrala" */;
			compatibilityVersion = "Xcode 14.0";
			developmentRegion = en;
			hasScannedForEncodings = 0;
			knownRegions = (
				en,
				Base,
			);
			mainGroup = 47DBB82E298649C6002FC234;
			productRefGroup = 47DBB838298649C6002FC234 /* Products */;
			projectDirPath = "";
			projectRoot = "";
			targets = (
				47DBB836298649C6002FC234 /* MSCS-722-SumanthGurrala */,
				47DBB846298649C7002FC234 /* MSCS-722-SumanthGurralaTests */,
				47DBB850298649C7002FC234 /* MSCS-722-SumanthGurralaUITests */,
			);
		};
/* End PBXProject section */

/* Begin PBXResourcesBuildPhase section */
		47DBB835298649C6002FC234 /* Resources */ = {
			isa = PBXResourcesBuildPhase;
			buildActionMask = 2147483647;
			files = (
				47DBB842298649C6002FC234 /* Preview Assets.xcassets in Resources */,
				47DBB83F298649C6002FC234 /* Assets.xcassets in Resources */,
			);
			runOnlyForDeploymentPostprocessing = 0;
		};
		47DBB845298649C7002FC234 /* Resources */ = {
			isa = PBXResourcesBuildPhase;
			buildActionMask = 2147483647;
			files = (
			);
			runOnlyForDeploymentPostprocessing = 0;
		};
		47DBB84F298649C7002FC234 /* Resources */ = {
			isa = PBXResourcesBuildPhase;
			buildActionMask = 2147483647;
			files = (
			);
			runOnlyForDeploymentPostprocessing = 0;
		};
/* End PBXResourcesBuildPhase section */

/* Begin PBXSourcesBuildPhase section */
		47DBB833298649C6002FC234 /* Sources */ = {
			isa = PBXSourcesBuildPhase;
			buildActionMask = 2147483647;
			files = (
				47DBB83D298649C6002FC234 /* ContentView.swift in Sources */,
				47DBB83B298649C6002FC234 /* MSCS_722_SumanthGurralaApp.swift in Sources */,
			);
			runOnlyForDeploymentPostprocessing = 0;
		};
		47DBB843298649C7002FC234 /* Sources */ = {
			isa = PBXSourcesBuildPhase;
			buildActionMask = 2147483647;
			files = (
				47DBB84C298649C7002FC234 /* MSCS_722_SumanthGurralaTests.swift in Sources */,
			);
			runOnlyForDeploymentPostprocessing = 0;
		};
		47DBB84D298649C7002FC234 /* Sources */ = {
			isa = PBXSourcesBuildPhase;
			buildActionMask = 2147483647;
			files = (
				47DBB858298649C7002FC234 /* MSCS_722_SumanthGurralaUITestsLaunchTests.swift in Sources */,
				47DBB856298649C7002FC234 /* MSCS_722_SumanthGurralaUITests.swift in Sources */,
			);
			runOnlyForDeploymentPostprocessing = 0;
		};
/* End PBXSourcesBuildPhase section */

/* Begin PBXTargetDependency section */
		47DBB849298649C7002FC234 /* PBXTargetDependency */ = {
			isa = PBXTargetDependency;
			target = 47DBB836298649C6002FC234 /* MSCS-722-SumanthGurrala */;
			targetProxy = 47DBB848298649C7002FC234 /* PBXContainerItemProxy */;
		};
		47DBB853298649C7002FC234 /* PBXTargetDependency */ = {
			isa = PBXTargetDependency;
			target = 47DBB836298649C6002FC234 /* MSCS-722-SumanthGurrala */;
			targetProxy = 47DBB852298649C7002FC234 /* PBXContainerItemProxy */;
		};
/* End PBXTargetDependency section */

/* Begin XCBuildConfiguration section */
		47DBB859298649C7002FC234 /* Debug */ = {
			isa = XCBuildConfiguration;
			buildSettings = {
				ALWAYS_SEARCH_USER_PATHS = NO;
				CLANG_ANALYZER_NONNULL = YES;
				CLANG_ANALYZER_NUMBER_OBJECT_CONVERSION = YES_AGGRESSIVE;
				CLANG_CXX_LANGUAGE_STANDARD = "gnu++20";
				CLANG_ENABLE_MODULES = YES;
				CLANG_ENABLE_OBJC_ARC = YES;
				CLANG_ENABLE_OBJC_WEAK = YES;
				CLANG_WARN_BLOCK_CAPTURE_AUTORELEASING = YES;
				CLANG_WARN_BOOL_CONVERSION = YES;
				CLANG_WARN_COMMA = YES;
				CLANG_WARN_CONSTANT_CONVERSION = YES;
				CLANG_WARN_DEPRECATED_OBJC_IMPLEMENTATIONS = YES;
				CLANG_WARN_DIRECT_OBJC_ISA_USAGE = YES_ERROR;
				CLANG_WARN_DOCUMENTATION_COMMENTS = YES;
				CLANG_WARN_EMPTY_BODY = YES;
				CLANG_WARN_ENUM_CONVERSION = YES;
				CLANG_WARN_INFINITE_RECURSION = YES;
				CLANG_WARN_INT_CONVERSION = YES;
				CLANG_WARN_NON_LITERAL_NULL_CONVERSION = YES;
				CLANG_WARN_OBJC_IMPLICIT_RETAIN_SELF = YES;
				CLANG_WARN_OBJC_LITERAL_CONVERSION = YES;
				CLANG_WARN_OBJC_ROOT_CLASS = YES_ERROR;
				CLANG_WARN_QUOTED_INCLUDE_IN_FRAMEWORK_HEADER = YES;
				CLANG_WARN_RANGE_LOOP_ANALYSIS = YES;
				CLANG_WARN_STRICT_PROTOTYPES = YES;
				CLANG_WARN_SUSPICIOUS_MOVE = YES;
				CLANG_WARN_UNGUARDED_AVAILABILITY = YES_AGGRESSIVE;
				CLANG_WARN_UNREACHABLE_CODE = YES;
				CLANG_WARN__DUPLICATE_METHOD_MATCH = YES;
				COPY_PHASE_STRIP = NO;
				DEBUG_INFORMATION_FORMAT = dwarf;
				ENABLE_STRICT_OBJC_MSGSEND = YES;
				ENABLE_TESTABILITY = YES;
				GCC_C_LANGUAGE_STANDARD = gnu11;
				GCC_DYNAMIC_NO_PIC = NO;
				GCC_NO_COMMON_BLOCKS = YES;
				GCC_OPTIMIZATION_LEVEL = 0;
				GCC_PREPROCESSOR_DEFINITIONS = (
					"DEBUG=1",
					"$(inherited)",
				);
				GCC_WARN_64_TO_32_BIT_CONVERSION = YES;
				GCC_WARN_ABOUT_RETURN_TYPE = YES_ERROR;
				GCC_WARN_UNDECLARED_SELECTOR = YES;
				GCC_WARN_UNINITIALIZED_AUTOS = YES_AGGRESSIVE;
				GCC_WARN_UNUSED_FUNCTION = YES;
				GCC_WARN_UNUSED_VARIABLE = YES;
				IPHONEOS_DEPLOYMENT_TARGET = 16.2;
				MTL_ENABLE_DEBUG_INFO = INCLUDE_SOURCE;
				MTL_FAST_MATH = YES;
				ONLY_ACTIVE_ARCH = YES;
				SDKROOT = iphoneos;
				SWIFT_ACTIVE_COMPILATION_CONDITIONS = DEBUG;
				SWIFT_OPTIMIZATION_LEVEL = "-Onone";
			};
			name = Debug;
		};
		47DBB85A298649C7002FC234 /* Release */ = {
			isa = XCBuildConfiguration;
			buildSettings = {
				ALWAYS_SEARCH_USER_PATHS = NO;
				CLANG_ANALYZER_NONNULL = YES;
				CLANG_ANALYZER_NUMBER_OBJECT_CONVERSION = YES_AGGRESSIVE;
				CLANG_CXX_LANGUAGE_STANDARD = "gnu++20";
				CLANG_ENABLE_MODULES = YES;
				CLANG_ENABLE_OBJC_ARC = YES;
				CLANG_ENABLE_OBJC_WEAK = YES;
				CLANG_WARN_BLOCK_CAPTURE_AUTORELEASING = YES;
				CLANG_WARN_BOOL_CONVERSION = YES;
				CLANG_WARN_COMMA = YES;
				CLANG_WARN_CONSTANT_CONVERSION = YES;
				CLANG_WARN_DEPRECATED_OBJC_IMPLEMENTATIONS = YES;
				CLANG_WARN_DIRECT_OBJC_ISA_USAGE = YES_ERROR;
				CLANG_WARN_DOCUMENTATION_COMMENTS = YES;
				CLANG_WARN_EMPTY_BODY = YES;
				CLANG_WARN_ENUM_CONVERSION = YES;
				CLANG_WARN_INFINITE_RECURSION = YES;
				CLANG_WARN_INT_CONVERSION = YES;
				CLANG_WARN_NON_LITERAL_NULL_CONVERSION = YES;
				CLANG_WARN_OBJC_IMPLICIT_RETAIN_SELF = YES;
				CLANG_WARN_OBJC_LITERAL_CONVERSION = YES;
				CLANG_WARN_OBJC_ROOT_CLASS = YES_ERROR;
				CLANG_WARN_QUOTED_INCLUDE_IN_FRAMEWORK_HEADER = YES;
				CLANG_WARN_RANGE_LOOP_ANALYSIS = YES;
				CLANG_WARN_STRICT_PROTOTYPES = YES;
				CLANG_WARN_SUSPICIOUS_MOVE = YES;
				CLANG_WARN_UNGUARDED_AVAILABILITY = YES_AGGRESSIVE;
				CLANG_WARN_UNREACHABLE_CODE = YES;
				CLANG_WARN__DUPLICATE_METHOD_MATCH = YES;
				COPY_PHASE_STRIP = NO;
				DEBUG_INFORMATION_FORMAT = "dwarf-with-dsym";
				ENABLE_NS_ASSERTIONS = NO;
				ENABLE_STRICT_OBJC_MSGSEND = YES;
				GCC_C_LANGUAGE_STANDARD = gnu11;
				GCC_NO_COMMON_BLOCKS = YES;
				GCC_WARN_64_TO_32_BIT_CONVERSION = YES;
				GCC_WARN_ABOUT_RETURN_TYPE = YES_ERROR;
				GCC_WARN_UNDECLARED_SELECTOR = YES;
				GCC_WARN_UNINITIALIZED_AUTOS = YES_AGGRESSIVE;
				GCC_WARN_UNUSED_FUNCTION = YES;
				GCC_WARN_UNUSED_VARIABLE = YES;
				IPHONEOS_DEPLOYMENT_TARGET = 16.2;
				MTL_ENABLE_DEBUG_INFO = NO;
				MTL_FAST_MATH = YES;
				SDKROOT = iphoneos;
				SWIFT_COMPILATION_MODE = wholemodule;
				SWIFT_OPTIMIZATION_LEVEL = "-O";
				VALIDATE_PRODUCT = YES;
			};
			name = Release;
		};
		47DBB85C298649C7002FC234 /* Debug */ = {
			isa = XCBuildConfiguration;
			buildSettings = {
				ASSETCATALOG_COMPILER_APPICON_NAME = AppIcon;
				ASSETCATALOG_COMPILER_GLOBAL_ACCENT_COLOR_NAME = AccentColor;
				CODE_SIGN_STYLE = Automatic;
				CURRENT_PROJECT_VERSION = 1;
				DEVELOPMENT_ASSET_PATHS = "\"MSCS-722-SumanthGurrala/Preview Content\"";
				ENABLE_PREVIEWS = YES;
				GENERATE_INFOPLIST_FILE = YES;
				INFOPLIST_KEY_UIApplicationSceneManifest_Generation = YES;
				INFOPLIST_KEY_UIApplicationSupportsIndirectInputEvents = YES;
				INFOPLIST_KEY_UILaunchScreen_Generation = YES;
				INFOPLIST_KEY_UISupportedInterfaceOrientations_iPad = "UIInterfaceOrientationPortrait UIInterfaceOrientationPortraitUpsideDown UIInterfaceOrientationLandscapeLeft UIInterfaceOrientationLandscapeRight";
				INFOPLIST_KEY_UISupportedInterfaceOrientations_iPhone = "UIInterfaceOrientationPortrait UIInterfaceOrientationLandscapeLeft UIInterfaceOrientationLandscapeRight";
				LD_RUNPATH_SEARCH_PATHS = (
					"$(inherited)",
					"@executable_path/Frameworks",
				);
				MARKETING_VERSION = 1.0;
				PRODUCT_BUNDLE_IDENTIFIER = "edu.marist.mscs722.sumanth.IOS.MSCS-722-SumanthGurrala";
				PRODUCT_NAME = "$(TARGET_NAME)";
				SWIFT_EMIT_LOC_STRINGS = YES;
				SWIFT_VERSION = 5.0;
				TARGETED_DEVICE_FAMILY = "1,2";
			};
			name = Debug;
		};
		47DBB85D298649C7002FC234 /* Release */ = {
			isa = XCBuildConfiguration;
			buildSettings = {
				ASSETCATALOG_COMPILER_APPICON_NAME = AppIcon;
				ASSETCATALOG_COMPILER_GLOBAL_ACCENT_COLOR_NAME = AccentColor;
				CODE_SIGN_STYLE = Automatic;
				CURRENT_PROJECT_VERSION = 1;
				DEVELOPMENT_ASSET_PATHS = "\"MSCS-722-SumanthGurrala/Preview Content\"";
				ENABLE_PREVIEWS = YES;
				GENERATE_INFOPLIST_FILE = YES;
				INFOPLIST_KEY_UIApplicationSceneManifest_Generation = YES;
				INFOPLIST_KEY_UIApplicationSupportsIndirectInputEvents = YES;
				INFOPLIST_KEY_UILaunchScreen_Generation = YES;
				INFOPLIST_KEY_UISupportedInterfaceOrientations_iPad = "UIInterfaceOrientationPortrait UIInterfaceOrientationPortraitUpsideDown UIInterfaceOrientationLandscapeLeft UIInterfaceOrientationLandscapeRight";
				INFOPLIST_KEY_UISupportedInterfaceOrientations_iPhone = "UIInterfaceOrientationPortrait UIInterfaceOrientationLandscapeLeft UIInterfaceOrientationLandscapeRight";
				LD_RUNPATH_SEARCH_PATHS = (
					"$(inherited)",
					"@executable_path/Frameworks",
				);
				MARKETING_VERSION = 1.0;
				PRODUCT_BUNDLE_IDENTIFIER = "edu.marist.mscs722.sumanth.IOS.MSCS-722-SumanthGurrala";
				PRODUCT_NAME = "$(TARGET_NAME)";
				SWIFT_EMIT_LOC_STRINGS = YES;
				SWIFT_VERSION = 5.0;
				TARGETED_DEVICE_FAMILY = "1,2";
			};
			name = Release;
		};
		47DBB85F298649C7002FC234 /* Debug */ = {
			isa = XCBuildConfiguration;
			buildSettings = {
				ALWAYS_EMBED_SWIFT_STANDARD_LIBRARIES = YES;
				BUNDLE_LOADER = "$(TEST_HOST)";
				CODE_SIGN_STYLE = Automatic;
				CURRENT_PROJECT_VERSION = 1;
				GENERATE_INFOPLIST_FILE = YES;
				IPHONEOS_DEPLOYMENT_TARGET = 16.2;
				MARKETING_VERSION = 1.0;
				PRODUCT_BUNDLE_IDENTIFIER = "edu.marist.mscs722.sumanth.IOS.MSCS-722-SumanthGurralaTests";
				PRODUCT_NAME = "$(TARGET_NAME)";
				SWIFT_EMIT_LOC_STRINGS = NO;
				SWIFT_VERSION = 5.0;
				TARGETED_DEVICE_FAMILY = "1,2";
				TEST_HOST = "$(BUILT_PRODUCTS_DIR)/MSCS-722-SumanthGurrala.app/$(BUNDLE_EXECUTABLE_FOLDER_PATH)/MSCS-722-SumanthGurrala";
			};
			name = Debug;
		};
		47DBB860298649C7002FC234 /* Release */ = {
			isa = XCBuildConfiguration;
			buildSettings = {
				ALWAYS_EMBED_SWIFT_STANDARD_LIBRARIES = YES;
				BUNDLE_LOADER = "$(TEST_HOST)";
				CODE_SIGN_STYLE = Automatic;
				CURRENT_PROJECT_VERSION = 1;
				GENERATE_INFOPLIST_FILE = YES;
				IPHONEOS_DEPLOYMENT_TARGET = 16.2;
				MARKETING_VERSION = 1.0;
				PRODUCT_BUNDLE_IDENTIFIER = "edu.marist.mscs722.sumanth.IOS.MSCS-722-SumanthGurralaTests";
				PRODUCT_NAME = "$(TARGET_NAME)";
				SWIFT_EMIT_LOC_STRINGS = NO;
				SWIFT_VERSION = 5.0;
				TARGETED_DEVICE_FAMILY = "1,2";
				TEST_HOST = "$(BUILT_PRODUCTS_DIR)/MSCS-722-SumanthGurrala.app/$(BUNDLE_EXECUTABLE_FOLDER_PATH)/MSCS-722-SumanthGurrala";
			};
			name = Release;
		};
		47DBB862298649C7002FC234 /* Debug */ = {
			isa = XCBuildConfiguration;
			buildSettings = {
				ALWAYS_EMBED_SWIFT_STANDARD_LIBRARIES = YES;
				CODE_SIGN_STYLE = Automatic;
				CURRENT_PROJECT_VERSION = 1;
				GENERATE_INFOPLIST_FILE = YES;
				MARKETING_VERSION = 1.0;
				PRODUCT_BUNDLE_IDENTIFIER = "edu.marist.mscs722.sumanth.IOS.MSCS-722-SumanthGurralaUITests";
				PRODUCT_NAME = "$(TARGET_NAME)";
				SWIFT_EMIT_LOC_STRINGS = NO;
				SWIFT_VERSION = 5.0;
				TARGETED_DEVICE_FAMILY = "1,2";
				TEST_TARGET_NAME = "MSCS-722-SumanthGurrala";
			};
			name = Debug;
		};
		47DBB863298649C7002FC234 /* Release */ = {
			isa = XCBuildConfiguration;
			buildSettings = {
				ALWAYS_EMBED_SWIFT_STANDARD_LIBRARIES = YES;
				CODE_SIGN_STYLE = Automatic;
				CURRENT_PROJECT_VERSION = 1;
				GENERATE_INFOPLIST_FILE = YES;
				MARKETING_VERSION = 1.0;
				PRODUCT_BUNDLE_IDENTIFIER = "edu.marist.mscs722.sumanth.IOS.MSCS-722-SumanthGurralaUITests";
				PRODUCT_NAME = "$(TARGET_NAME)";
				SWIFT_EMIT_LOC_STRINGS = NO;
				SWIFT_VERSION = 5.0;
				TARGETED_DEVICE_FAMILY = "1,2";
				TEST_TARGET_NAME = "MSCS-722-SumanthGurrala";
			};
			name = Release;
		};
/* End XCBuildConfiguration section */

/* Begin XCConfigurationList section */
		47DBB832298649C6002FC234 /* Build configuration list for PBXProject "MSCS-722-SumanthGurrala" */ = {
			isa = XCConfigurationList;
			buildConfigurations = (
				47DBB859298649C7002FC234 /* Debug */,
				47DBB85A298649C7002FC234 /* Release */,
			);
			defaultConfigurationIsVisible = 0;
			defaultConfigurationName = Release;
		};
		47DBB85B298649C7002FC234 /* Build configuration list for PBXNativeTarget "MSCS-722-SumanthGurrala" */ = {
			isa = XCConfigurationList;
			buildConfigurations = (
				47DBB85C298649C7002FC234 /* Debug */,
				47DBB85D298649C7002FC234 /* Release */,
			);
			defaultConfigurationIsVisible = 0;
			defaultConfigurationName = Release;
		};
		47DBB85E298649C7002FC234 /* Build configuration list for PBXNativeTarget "MSCS-722-SumanthGurralaTests" */ = {
			isa = XCConfigurationList;
			buildConfigurations = (
				47DBB85F298649C7002FC234 /* Debug */,
				47DBB860298649C7002FC234 /* Release */,
			);
			defaultConfigurationIsVisible = 0;
			defaultConfigurationName = Release;
		};
		47DBB861298649C7002FC234 /* Build configuration list for PBXNativeTarget "MSCS-722-SumanthGurralaUITests" */ = {
			isa = XCConfigurationList;
			buildConfigurations = (
				47DBB862298649C7002FC234 /* Debug */,
				47DBB863298649C7002FC234 /* Release */,
			);
			defaultConfigurationIsVisible = 0;
			defaultConfigurationName = Release;
		};
/* End XCConfigurationList section */
	};
	rootObject = 47DBB82F298649C6002FC234 /* Project object */;
}
